{
  "nodes": {
    "home-manager": {
      "inputs": {
        "nixpkgs": [
          "unstable"
        ],
        "utils": "utils"
      },
      "locked": {
        "lastModified": 1680597706,
        "narHash": "sha256-ZqJ3T+BxzjPH9TnmeUwS4Uu9ZQPeBXAFC9sUWlharT4=",
        "owner": "nix-community",
        "repo": "home-manager",
        "rev": "ec06f419af79207b33d797064dfb3fc9dbe1df4a",
        "type": "github"
      },
      "original": {
        "owner": "nix-community",
        "repo": "home-manager",
        "type": "github"
      }
    },
    "master": {
      "locked": {
        "lastModified": 1681847152,
        "narHash": "sha256-T27v5zrCp3eXZuXr7uPgSPYszB17aJVhqT5RMVXDBGc=",
        "owner": "nixos",
        "repo": "nixpkgs",
        "rev": "9321f2c2a81148fdd5a8766889e28b21c521b3e2",
        "type": "github"
      },
      "original": {
        "owner": "nixos",
        "ref": "master",
        "repo": "nixpkgs",
        "type": "github"
      }
    },
    "nixpkgs-2211": {
      "locked": {
        "lastModified": 1681759395,
        "narHash": "sha256-7aaRtLxLAy8qFVIA26ulB+Q5nDVzuQ71qi0s0wMjAws=",
        "owner": "nixos",
        "repo": "nixpkgs",
        "rev": "cd749f58ba83f7155b7062dd49d08e5e47e44d50",
        "type": "github"
      },
      "original": {
        "owner": "nixos",
        "ref": "nixos-22.11",
        "repo": "nixpkgs",
        "type": "github"
      }
    },
    "nixpkgs-lib": {
      "locked": {
        "dir": "lib",
        "lastModified": 1680213900,
        "narHash": "sha256-cIDr5WZIj3EkKyCgj/6j3HBH4Jj1W296z7HTcWj1aMA=",
        "owner": "NixOS",
        "repo": "nixpkgs",
        "rev": "e3652e0735fbec227f342712f180f4f21f0594f2",
        "type": "github"
      },
      "original": {
        "dir": "lib",
        "owner": "NixOS",
        "ref": "nixos-unstable",
        "repo": "nixpkgs",
        "type": "github"
      }
    },
    "nixpkgs-unstable": {
      "locked": {
        "lastModified": 1681737997,
        "narHash": "sha256-pHhjgsIkRMu80LmVe8QoKIZB6VZGRRxFmIvsC5S89k4=",
        "owner": "nixos",
        "repo": "nixpkgs",
        "rev": "f00994e78cd39e6fc966f0c4103f908e63284780",
        "type": "github"
      },
      "original": {
        "owner": "nixos",
        "ref": "nixos-unstable",
        "repo": "nixpkgs",
        "type": "github"
      }
    },
    "parts": {
      "inputs": {
        "nixpkgs-lib": "nixpkgs-lib"
      },
      "locked": {
        "lastModified": 1680392223,
        "narHash": "sha256-n3g7QFr85lDODKt250rkZj2IFS3i4/8HBU2yKHO3tqw=",
        "owner": "hercules-ci",
        "repo": "flake-parts",
        "rev": "dcc36e45d054d7bb554c9cdab69093debd91a0b5",
        "type": "github"
      },
      "original": {
        "owner": "hercules-ci",
        "repo": "flake-parts",
        "type": "github"
      }
    },
    "root": {
      "inputs": {
        "home-manager": "home-manager",
        "master": "master",
        "nixpkgs": [
          "nixpkgs-unstable"
        ],
        "nixpkgs-2211": "nixpkgs-2211",
        "nixpkgs-unstable": "nixpkgs-unstable",
        "parts": "parts",
        "stable": [
          "nixpkgs-2211"
        ],
        "unstable": [
          "nixpkgs-unstable"
        ]
      }
    },
    "utils": {
      "locked": {
        "lastModified": 1678901627,
        "narHash": "sha256-U02riOqrKKzwjsxc/400XnElV+UtPUQWpANPlyazjH0=",
        "owner": "numtide",
        "repo": "flake-utils",
        "rev": "93a2b84fc4b70d9e089d029deacc3583435c2ed6",
        "type": "github"
      },
      "original": {
        "owner": "numtide",
        "repo": "flake-utils",
        "type": "github"
      }
    }
  },
  "root": "root",
  "version": 7
}
